
Microsoft Visual Studio Solution File, Format Version 12.00
# Visual Studio Version 18
VisualStudioVersion = 18.5.11626.173
MinimumVisualStudioVersion = 10.0.40219.1
Project("{2150E333-8FDC-42A3-9474-1A3956D46DE8}") = "Tests", "Tests", "{D2C8C7F3-63E7-43E9-86B2-7A9BC47A5225}"
EndProject
Project("{FAE04EC0-301F-11D3-BF4B-00C04F79EFBC}") = "CodeGator.Aspire.Redis", "CodeGator.Aspire.Redis\CodeGator.Aspire.Redis.csproj", "{D83CE395-CEE5-33CD-6E73-07992E9EAC91}"
EndProject
Project("{FAE04EC0-301F-11D3-BF4B-00C04F79EFBC}") = "CodeGator.Aspire.Redis.UnitTests", "..\tests\CodeGator.Aspire.Redis.UnitTests\CodeGator.Aspire.Redis.UnitTests.csproj", "{822687AC-8D0D-2905-BE43-C43A620433C0}"
EndProject
Global
	GlobalSection(SolutionConfigurationPlatforms) = preSolution
		Debug|Any CPU = Debug|Any CPU
		Release|Any CPU = Release|Any CPU
	EndGlobalSection
	GlobalSection(ProjectConfigurationPlatforms) = postSolution
		{D83CE395-CEE5-33CD-6E73-07992E9EAC91}.Debug|Any CPU.ActiveCfg = Debug|Any CPU
		{D83CE395-CEE5-33CD-6E73-07992E9EAC91}.Debug|Any CPU.Build.0 = Debug|Any CPU
		{D83CE395-CEE5-33CD-6E73-07992E9EAC91}.Release|Any CPU.ActiveCfg = Release|Any CPU
		{D83CE395-CEE5-33CD-6E73-07992E9EAC91}.Release|Any CPU.Build.0 = Release|Any CPU
		{822687AC-8D0D-2905-BE43-C43A620433C0}.Debug|Any CPU.ActiveCfg = Debug|Any CPU
		{822687AC-8D0D-2905-BE43-C43A620433C0}.Debug|Any CPU.Build.0 = Debug|Any CPU
		{822687AC-8D0D-2905-BE43-C43A620433C0}.Release|Any CPU.ActiveCfg = Release|Any CPU
		{822687AC-8D0D-2905-BE43-C43A620433C0}.Release|Any CPU.Build.0 = Release|Any CPU
	EndGlobalSection
	GlobalSection(SolutionProperties) = preSolution
		HideSolutionNode = FALSE
	EndGlobalSection
	GlobalSection(NestedProjects) = preSolution
		{822687AC-8D0D-2905-BE43-C43A620433C0} = {D2C8C7F3-63E7-43E9-86B2-7A9BC47A5225}
	EndGlobalSection
	GlobalSection(ExtensibilityGlobals) = postSolution
		SolutionGuid = {87C6B959-08B3-46C5-B9B3-1ABDE775288D}
	EndGlobalSection
EndGlobal
